
Microsoft Visual Studio Solution File, Format Version 12.00
Project("{FAE04EC0-301F-11D3-BF4B-00C04F79EFBC}") = "CasusExotischNederland", "CasusExotischNederland\CasusExotischNederland.csproj", "{71636FF4-96CC-41F3-B2B0-24092DCAEF1C}"
EndProject
Global
	GlobalSection(SolutionConfigurationPlatforms) = preSolution
		Debug|Any CPU = Debug|Any CPU
		Release|Any CPU = Release|Any CPU
	EndGlobalSection
	GlobalSection(ProjectConfigurationPlatforms) = postSolution
		{71636FF4-96CC-41F3-B2B0-24092DCAEF1C}.Debug|Any CPU.ActiveCfg = Debug|Any CPU
		{71636FF4-96CC-41F3-B2B0-24092DCAEF1C}.Debug|Any CPU.Build.0 = Debug|Any CPU
		{71636FF4-96CC-41F3-B2B0-24092DCAEF1C}.Release|Any CPU.ActiveCfg = Release|Any CPU
		{71636FF4-96CC-41F3-B2B0-24092DCAEF1C}.Release|Any CPU.Build.0 = Release|Any CPU
	EndGlobalSection
EndGlobal
